
Microsoft Visual Studio Solution File, Format Version 12.00
# Visual Studio Version 17
VisualStudioVersion = 17.9.34607.119
MinimumVisualStudioVersion = 10.0.40219.1
Project("{FAE04EC0-301F-11D3-BF4B-00C04F79EFBC}") = "Employee_Details", "Employee_Details\Employee_Details.csproj", "{70DB6F60-3F98-4737-A8A8-1A745282BBBC}"
EndProject
Global
	GlobalSection(SolutionConfigurationPlatforms) = preSolution
		Debug|Any CPU = Debug|Any CPU
		Release|Any CPU = Release|Any CPU
	EndGlobalSection
	GlobalSection(ProjectConfigurationPlatforms) = postSolution
		{70DB6F60-3F98-4737-A8A8-1A745282BBBC}.Debug|Any CPU.ActiveCfg = Debug|Any CPU
		{70DB6F60-3F98-4737-A8A8-1A745282BBBC}.Debug|Any CPU.Build.0 = Debug|Any CPU
		{70DB6F60-3F98-4737-A8A8-1A745282BBBC}.Release|Any CPU.ActiveCfg = Release|Any CPU
		{70DB6F60-3F98-4737-A8A8-1A745282BBBC}.Release|Any CPU.Build.0 = Release|Any CPU
	EndGlobalSection
	GlobalSection(SolutionProperties) = preSolution
		HideSolutionNode = FALSE
	EndGlobalSection
	GlobalSection(ExtensibilityGlobals) = postSolution
		SolutionGuid = {CC80A73E-AE6D-4C06-AACD-2C1BC1D2A0AB}
	EndGlobalSection
EndGlobal
